
Microsoft Visual Studio Solution File, Format Version 12.00
# Visual Studio 15
VisualStudioVersion = 15.0.28307.572
MinimumVisualStudioVersion = 10.0.40219.1
Project("{FAE04EC0-301F-11D3-BF4B-00C04F79EFBC}") = "Castle[practice]", "Castle[practice]\Castle[practice].csproj", "{D7431A7E-8B22-4C4C-B1B5-2DF65809EE46}"
EndProject
Global
	GlobalSection(SolutionConfigurationPlatforms) = preSolution
		Debug|Any CPU = Debug|Any CPU
		Release|Any CPU = Release|Any CPU
	EndGlobalSection
	GlobalSection(ProjectConfigurationPlatforms) = postSolution
		{D7431A7E-8B22-4C4C-B1B5-2DF65809EE46}.Debug|Any CPU.ActiveCfg = Debug|Any CPU
		{D7431A7E-8B22-4C4C-B1B5-2DF65809EE46}.Debug|Any CPU.Build.0 = Debug|Any CPU
		{D7431A7E-8B22-4C4C-B1B5-2DF65809EE46}.Release|Any CPU.ActiveCfg = Release|Any CPU
		{D7431A7E-8B22-4C4C-B1B5-2DF65809EE46}.Release|Any CPU.Build.0 = Release|Any CPU
	EndGlobalSection
	GlobalSection(SolutionProperties) = preSolution
		HideSolutionNode = FALSE
	EndGlobalSection
	GlobalSection(ExtensibilityGlobals) = postSolution
		SolutionGuid = {0E299EC1-F189-4FF9-82E0-A55E9EE5E0E0}
	EndGlobalSection
EndGlobal
